
Microsoft Visual Studio Solution File, Format Version 12.00
# Visual Studio 2013
VisualStudioVersion = 12.0.30110.0
MinimumVisualStudioVersion = 10.0.40219.1
Project("{FAE04EC0-301F-11D3-BF4B-00C04F79EFBC}") = "DynamicXmlBuilder", "DynamicXmlBuilder\DynamicXmlBuilder.csproj", "{D44E8AFE-7F7E-4B48-B1E0-0C85D0326BB4}"
EndProject
Project("{FAE04EC0-301F-11D3-BF4B-00C04F79EFBC}") = "DynamicXmlBuilderTest", "DynamicXmlBuilderTest\DynamicXmlBuilderTest.csproj", "{D69B46F0-A038-438B-A951-8A4BE07E0F6C}"
EndProject
Global
	GlobalSection(SolutionConfigurationPlatforms) = preSolution
		Debug|Any CPU = Debug|Any CPU
		Release|Any CPU = Release|Any CPU
	EndGlobalSection
	GlobalSection(ProjectConfigurationPlatforms) = postSolution
		{D44E8AFE-7F7E-4B48-B1E0-0C85D0326BB4}.Debug|Any CPU.ActiveCfg = Debug|Any CPU
		{D44E8AFE-7F7E-4B48-B1E0-0C85D0326BB4}.Debug|Any CPU.Build.0 = Debug|Any CPU
		{D44E8AFE-7F7E-4B48-B1E0-0C85D0326BB4}.Release|Any CPU.ActiveCfg = Release|Any CPU
		{D44E8AFE-7F7E-4B48-B1E0-0C85D0326BB4}.Release|Any CPU.Build.0 = Release|Any CPU
		{D69B46F0-A038-438B-A951-8A4BE07E0F6C}.Debug|Any CPU.ActiveCfg = Debug|Any CPU
		{D69B46F0-A038-438B-A951-8A4BE07E0F6C}.Debug|Any CPU.Build.0 = Debug|Any CPU
		{D69B46F0-A038-438B-A951-8A4BE07E0F6C}.Release|Any CPU.ActiveCfg = Release|Any CPU
		{D69B46F0-A038-438B-A951-8A4BE07E0F6C}.Release|Any CPU.Build.0 = Release|Any CPU
	EndGlobalSection
	GlobalSection(SolutionProperties) = preSolution
		HideSolutionNode = FALSE
	EndGlobalSection
EndGlobal
